// !$*UTF8*$!
{
	archiveVersion = 1;
	classes = {
	};
	objectVersion = 50;
	objects = {

/* Begin PBXBuildFile section */
		4F7B5E6B26BADB9800143A40 /* JournalTableViewController.swift in Sources */ = {isa = PBXBuildFile; fileRef = 4F7B5E6A26BADB9800143A40 /* JournalTableViewController.swift */; };
		4F7B5E6D26BADBE700143A40 /* Journal.swift in Sources */ = {isa = PBXBuildFile; fileRef = 4F7B5E6C26BADBE700143A40 /* Journal.swift */; };
		4F7B5E7126BB0DF100143A40 /* AddJournalViewController.swift in Sources */ = {isa = PBXBuildFile; fileRef = 4F7B5E7026BB0DF100143A40 /* AddJournalViewController.swift */; };
		4F7B5E7526BB249A00143A40 /* FullJournalViewController.swift in Sources */ = {isa = PBXBuildFile; fileRef = 4F7B5E7426BB249A00143A40 /* FullJournalViewController.swift */; };
		7D6D5A4526B98ECC00CC080F /* AppDelegate.swift in Sources */ = {isa = PBXBuildFile; fileRef = 7D6D5A4426B98ECC00CC080F /* AppDelegate.swift */; };
		7D6D5A4726B98ECC00CC080F /* SceneDelegate.swift in Sources */ = {isa = PBXBuildFile; fileRef = 7D6D5A4626B98ECC00CC080F /* SceneDelegate.swift */; };
		7D6D5A4926B98ECC00CC080F /* ViewController.swift in Sources */ = {isa = PBXBuildFile; fileRef = 7D6D5A4826B98ECC00CC080F /* ViewController.swift */; };
		7D6D5A4C26B98ECC00CC080F /* Main.storyboard in Resources */ = {isa = PBXBuildFile; fileRef = 7D6D5A4A26B98ECC00CC080F /* Main.storyboard */; };
		7D6D5A4F26B98ECC00CC080F /* GitHub_Lesson.xcdatamodeld in Sources */ = {isa = PBXBuildFile; fileRef = 7D6D5A4D26B98ECC00CC080F /* GitHub_Lesson.xcdatamodeld */; };
		7D6D5A5126B98ED600CC080F /* Assets.xcassets in Resources */ = {isa = PBXBuildFile; fileRef = 7D6D5A5026B98ED600CC080F /* Assets.xcassets */; };
		7D6D5A5426B98ED600CC080F /* LaunchScreen.storyboard in Resources */ = {isa = PBXBuildFile; fileRef = 7D6D5A5226B98ED600CC080F /* LaunchScreen.storyboard */; };
		7D6D5A5F26B98ED800CC080F /* GitHub_LessonTests.swift in Sources */ = {isa = PBXBuildFile; fileRef = 7D6D5A5E26B98ED800CC080F /* GitHub_LessonTests.swift */; };
		7D6D5A6A26B98ED800CC080F /* GitHub_LessonUITests.swift in Sources */ = {isa = PBXBuildFile; fileRef = 7D6D5A6926B98ED800CC080F /* GitHub_LessonUITests.swift */; };
/* End PBXBuildFile section */

/* Begin PBXContainerItemProxy section */
		7D6D5A5B26B98ED800CC080F /* PBXContainerItemProxy */ = {
			isa = PBXContainerItemProxy;
			containerPortal = 7D6D5A3926B98ECC00CC080F /* Project object */;
			proxyType = 1;
			remoteGlobalIDString = 7D6D5A4026B98ECC00CC080F;
			remoteInfo = GitHub_Lesson;
		};
		7D6D5A6626B98ED800CC080F /* PBXContainerItemProxy */ = {
			isa = PBXContainerItemProxy;
			containerPortal = 7D6D5A3926B98ECC00CC080F /* Project object */;
			proxyType = 1;
			remoteGlobalIDString = 7D6D5A4026B98ECC00CC080F;
			remoteInfo = GitHub_Lesson;
		};
/* End PBXContainerItemProxy section */

/* Begin PBXFileReference section */
		4F7B5E6A26BADB9800143A40 /* JournalTableViewController.swift */ = {isa = PBXFileReference; lastKnownFileType = sourcecode.swift; path = JournalTableViewController.swift; sourceTree = "<group>"; };
		4F7B5E6C26BADBE700143A40 /* Journal.swift */ = {isa = PBXFileReference; lastKnownFileType = sourcecode.swift; path = Journal.swift; sourceTree = "<group>"; };
		4F7B5E7026BB0DF100143A40 /* AddJournalViewController.swift */ = {isa = PBXFileReference; lastKnownFileType = sourcecode.swift; path = AddJournalViewController.swift; sourceTree = "<group>"; };
		4F7B5E7426BB249A00143A40 /* FullJournalViewController.swift */ = {isa = PBXFileReference; lastKnownFileType = sourcecode.swift; path = FullJournalViewController.swift; sourceTree = "<group>"; };
		7D6D5A4126B98ECC00CC080F /* GitHub_Lesson.app */ = {isa = PBXFileReference; explicitFileType = wrapper.application; includeInIndex = 0; path = GitHub_Lesson.app; sourceTree = BUILT_PRODUCTS_DIR; };
		7D6D5A4426B98ECC00CC080F /* AppDelegate.swift */ = {isa = PBXFileReference; lastKnownFileType = sourcecode.swift; path = AppDelegate.swift; sourceTree = "<group>"; };
		7D6D5A4626B98ECC00CC080F /* SceneDelegate.swift */ = {isa = PBXFileReference; lastKnownFileType = sourcecode.swift; path = SceneDelegate.swift; sourceTree = "<group>"; };
		7D6D5A4826B98ECC00CC080F /* ViewController.swift */ = {isa = PBXFileReference; lastKnownFileType = sourcecode.swift; path = ViewController.swift; sourceTree = "<group>"; };
		7D6D5A4B26B98ECC00CC080F /* Base */ = {isa = PBXFileReference; lastKnownFileType = file.storyboard; name = Base; path = Base.lproj/Main.storyboard; sourceTree = "<group>"; };
		7D6D5A4E26B98ECC00CC080F /* GitHub_Lesson.xcdatamodel */ = {isa = PBXFileReference; lastKnownFileType = wrapper.xcdatamodel; path = GitHub_Lesson.xcdatamodel; sourceTree = "<group>"; };
		7D6D5A5026B98ED600CC080F /* Assets.xcassets */ = {isa = PBXFileReference; lastKnownFileType = folder.assetcatalog; path = Assets.xcassets; sourceTree = "<group>"; };
		7D6D5A5326B98ED600CC080F /* Base */ = {isa = PBXFileReference; lastKnownFileType = file.storyboard; name = Base; path = Base.lproj/LaunchScreen.storyboard; sourceTree = "<group>"; };
		7D6D5A5526B98ED600CC080F /* Info.plist */ = {isa = PBXFileReference; lastKnownFileType = text.plist.xml; path = Info.plist; sourceTree = "<group>"; };
		7D6D5A5A26B98ED800CC080F /* GitHub_LessonTests.xctest */ = {isa = PBXFileReference; explicitFileType = wrapper.cfbundle; includeInIndex = 0; path = GitHub_LessonTests.xctest; sourceTree = BUILT_PRODUCTS_DIR; };
		7D6D5A5E26B98ED800CC080F /* GitHub_LessonTests.swift */ = {isa = PBXFileReference; lastKnownFileType = sourcecode.swift; path = GitHub_LessonTests.swift; sourceTree = "<group>"; };
		7D6D5A6026B98ED800CC080F /* Info.plist */ = {isa = PBXFileReference; lastKnownFileType = text.plist.xml; path = Info.plist; sourceTree = "<group>"; };
		7D6D5A6526B98ED800CC080F /* GitHub_LessonUITests.xctest */ = {isa = PBXFileReference; explicitFileType = wrapper.cfbundle; includeInIndex = 0; path = GitHub_LessonUITests.xctest; sourceTree = BUILT_PRODUCTS_DIR; };
		7D6D5A6926B98ED800CC080F /* GitHub_LessonUITests.swift */ = {isa = PBXFileReference; lastKnownFileType = sourcecode.swift; path = GitHub_LessonUITests.swift; sourceTree = "<group>"; };
		7D6D5A6B26B98ED800CC080F /* Info.plist */ = {isa = PBXFileReference; lastKnownFileType = text.plist.xml; path = Info.plist; sourceTree = "<group>"; };
/* End PBXFileReference section */

/* Begin PBXFrameworksBuildPhase section */
		7D6D5A3E26B98ECC00CC080F /* Frameworks */ = {
			isa = PBXFrameworksBuildPhase;
			buildActionMask = 2147483647;
			files = (
			);
			runOnlyForDeploymentPostprocessing = 0;
		};
		7D6D5A5726B98ED800CC080F /* Frameworks */ = {
			isa = PBXFrameworksBuildPhase;
			buildActionMask = 2147483647;
			files = (
			);
			runOnlyForDeploymentPostprocessing = 0;
		};
		7D6D5A6226B98ED800CC080F /* Frameworks */ = {
			isa = PBXFrameworksBuildPhase;
			buildActionMask = 2147483647;
			files = (
			);
			runOnlyForDeploymentPostprocessing = 0;
		};
/* End PBXFrameworksBuildPhase section */

/* Begin PBXGroup section */
		7D6D5A3826B98ECC00CC080F = {
			isa = PBXGroup;
			children = (
				7D6D5A4326B98ECC00CC080F /* GitHub_Lesson */,
				7D6D5A5D26B98ED800CC080F /* GitHub_LessonTests */,
				7D6D5A6826B98ED800CC080F /* GitHub_LessonUITests */,
				7D6D5A4226B98ECC00CC080F /* Products */,
			);
			sourceTree = "<group>";
		};
		7D6D5A4226B98ECC00CC080F /* Products */ = {
			isa = PBXGroup;
			children = (
				7D6D5A4126B98ECC00CC080F /* GitHub_Lesson.app */,
				7D6D5A5A26B98ED800CC080F /* GitHub_LessonTests.xctest */,
				7D6D5A6526B98ED800CC080F /* GitHub_LessonUITests.xctest */,
			);
			name = Products;
			sourceTree = "<group>";
		};
		7D6D5A4326B98ECC00CC080F /* GitHub_Lesson */ = {
			isa = PBXGroup;
			children = (
				7D6D5A4426B98ECC00CC080F /* AppDelegate.swift */,
				7D6D5A4626B98ECC00CC080F /* SceneDelegate.swift */,
				7D6D5A4826B98ECC00CC080F /* ViewController.swift */,
				7D6D5A4A26B98ECC00CC080F /* Main.storyboard */,
				7D6D5A5026B98ED600CC080F /* Assets.xcassets */,
				7D6D5A5226B98ED600CC080F /* LaunchScreen.storyboard */,
				7D6D5A5526B98ED600CC080F /* Info.plist */,
				7D6D5A4D26B98ECC00CC080F /* GitHub_Lesson.xcdatamodeld */,
				4F7B5E6A26BADB9800143A40 /* JournalTableViewController.swift */,
				4F7B5E6C26BADBE700143A40 /* Journal.swift */,
				4F7B5E7026BB0DF100143A40 /* AddJournalViewController.swift */,
				4F7B5E7426BB249A00143A40 /* FullJournalViewController.swift */,
			);
			path = GitHub_Lesson;
			sourceTree = "<group>";
		};
		7D6D5A5D26B98ED800CC080F /* GitHub_LessonTests */ = {
			isa = PBXGroup;
			children = (
				7D6D5A5E26B98ED800CC080F /* GitHub_LessonTests.swift */,
				7D6D5A6026B98ED800CC080F /* Info.plist */,
			);
			path = GitHub_LessonTests;
			sourceTree = "<group>";
		};
		7D6D5A6826B98ED800CC080F /* GitHub_LessonUITests */ = {
			isa = PBXGroup;
			children = (
				7D6D5A6926B98ED800CC080F /* GitHub_LessonUITests.swift */,
				7D6D5A6B26B98ED800CC080F /* Info.plist */,
			);
			path = GitHub_LessonUITests;
			sourceTree = "<group>";
		};
/* End PBXGroup section */

/* Begin PBXNativeTarget section */
		7D6D5A4026B98ECC00CC080F /* GitHub_Lesson */ = {
			isa = PBXNativeTarget;
			buildConfigurationList = 7D6D5A6E26B98ED800CC080F /* Build configuration list for PBXNativeTarget "GitHub_Lesson" */;
			buildPhases = (
				7D6D5A3D26B98ECC00CC080F /* Sources */,
				7D6D5A3E26B98ECC00CC080F /* Frameworks */,
				7D6D5A3F26B98ECC00CC080F /* Resources */,
			);
			buildRules = (
			);
			dependencies = (
			);
			name = GitHub_Lesson;
			productName = GitHub_Lesson;
			productReference = 7D6D5A4126B98ECC00CC080F /* GitHub_Lesson.app */;
			productType = "com.apple.product-type.application";
		};
		7D6D5A5926B98ED800CC080F /* GitHub_LessonTests */ = {
			isa = PBXNativeTarget;
			buildConfigurationList = 7D6D5A7126B98ED800CC080F /* Build configuration list for PBXNativeTarget "GitHub_LessonTests" */;
			buildPhases = (
				7D6D5A5626B98ED800CC080F /* Sources */,
				7D6D5A5726B98ED800CC080F /* Frameworks */,
				7D6D5A5826B98ED800CC080F /* Resources */,
			);
			buildRules = (
			);
			dependencies = (
				7D6D5A5C26B98ED800CC080F /* PBXTargetDependency */,
			);
			name = GitHub_LessonTests;
			productName = GitHub_LessonTests;
			productReference = 7D6D5A5A26B98ED800CC080F /* GitHub_LessonTests.xctest */;
			productType = "com.apple.product-type.bundle.unit-test";
		};
		7D6D5A6426B98ED800CC080F /* GitHub_LessonUITests */ = {
			isa = PBXNativeTarget;
			buildConfigurationList = 7D6D5A7426B98ED800CC080F /* Build configuration list for PBXNativeTarget "GitHub_LessonUITests" */;
			buildPhases = (
				7D6D5A6126B98ED800CC080F /* Sources */,
				7D6D5A6226B98ED800CC080F /* Frameworks */,
				7D6D5A6326B98ED800CC080F /* Resources */,
			);
			buildRules = (
			);
			dependencies = (
				7D6D5A6726B98ED800CC080F /* PBXTargetDependency */,
			);
			name = GitHub_LessonUITests;
			productName = GitHub_LessonUITests;
			productReference = 7D6D5A6526B98ED800CC080F /* GitHub_LessonUITests.xctest */;
			productType = "com.apple.product-type.bundle.ui-testing";
		};
/* End PBXNativeTarget section */

/* Begin PBXProject section */
		7D6D5A3926B98ECC00CC080F /* Project object */ = {
			isa = PBXProject;
			attributes = {
				LastSwiftUpdateCheck = 1250;
				LastUpgradeCheck = 1250;
				TargetAttributes = {
					7D6D5A4026B98ECC00CC080F = {
						CreatedOnToolsVersion = 12.5.1;
					};
					7D6D5A5926B98ED800CC080F = {
						CreatedOnToolsVersion = 12.5.1;
						TestTargetID = 7D6D5A4026B98ECC00CC080F;
					};
					7D6D5A6426B98ED800CC080F = {
						CreatedOnToolsVersion = 12.5.1;
						TestTargetID = 7D6D5A4026B98ECC00CC080F;
					};
				};
			};
			buildConfigurationList = 7D6D5A3C26B98ECC00CC080F /* Build configuration list for PBXProject "GitHub_Lesson" */;
			compatibilityVersion = "Xcode 9.3";
			developmentRegion = en;
			hasScannedForEncodings = 0;
			knownRegions = (
				en,
				Base,
			);
			mainGroup = 7D6D5A3826B98ECC00CC080F;
			productRefGroup = 7D6D5A4226B98ECC00CC080F /* Products */;
			projectDirPath = "";
			projectRoot = "";
			targets = (
				7D6D5A4026B98ECC00CC080F /* GitHub_Lesson */,
				7D6D5A5926B98ED800CC080F /* GitHub_LessonTests */,
				7D6D5A6426B98ED800CC080F /* GitHub_LessonUITests */,
			);
		};
/* End PBXProject section */

/* Begin PBXResourcesBuildPhase section */
		7D6D5A3F26B98ECC00CC080F /* Resources */ = {
			isa = PBXResourcesBuildPhase;
			buildActionMask = 2147483647;
			files = (
				7D6D5A5426B98ED600CC080F /* LaunchScreen.storyboard in Resources */,
				7D6D5A5126B98ED600CC080F /* Assets.xcassets in Resources */,
				7D6D5A4C26B98ECC00CC080F /* Main.storyboard in Resources */,
			);
			runOnlyForDeploymentPostprocessing = 0;
		};
		7D6D5A5826B98ED800CC080F /* Resources */ = {
			isa = PBXResourcesBuildPhase;
			buildActionMask = 2147483647;
			files = (
			);
			runOnlyForDeploymentPostprocessing = 0;
		};
		7D6D5A6326B98ED800CC080F /* Resources */ = {
			isa = PBXResourcesBuildPhase;
			buildActionMask = 2147483647;
			files = (
			);
			runOnlyForDeploymentPostprocessing = 0;
		};
/* End PBXResourcesBuildPhase section */

/* Begin PBXSourcesBuildPhase section */
		7D6D5A3D26B98ECC00CC080F /* Sources */ = {
			isa = PBXSourcesBuildPhase;
			buildActionMask = 2147483647;
			files = (
				7D6D5A4F26B98ECC00CC080F /* GitHub_Lesson.xcdatamodeld in Sources */,
				7D6D5A4926B98ECC00CC080F /* ViewController.swift in Sources */,
				4F7B5E6B26BADB9800143A40 /* JournalTableViewController.swift in Sources */,
				7D6D5A4526B98ECC00CC080F /* AppDelegate.swift in Sources */,
				4F7B5E7126BB0DF100143A40 /* AddJournalViewController.swift in Sources */,
				7D6D5A4726B98ECC00CC080F /* SceneDelegate.swift in Sources */,
				4F7B5E6D26BADBE700143A40 /* Journal.swift in Sources */,
				4F7B5E7526BB249A00143A40 /* FullJournalViewController.swift in Sources */,
			);
			runOnlyForDeploymentPostprocessing = 0;
		};
		7D6D5A5626B98ED800CC080F /* Sources */ = {
			isa = PBXSourcesBuildPhase;
			buildActionMask = 2147483647;
			files = (
				7D6D5A5F26B98ED800CC080F /* GitHub_LessonTests.swift in Sources */,
			);
			runOnlyForDeploymentPostprocessing = 0;
		};
		7D6D5A6126B98ED800CC080F /* Sources */ = {
			isa = PBXSourcesBuildPhase;
			buildActionMask = 2147483647;
			files = (
				7D6D5A6A26B98ED800CC080F /* GitHub_LessonUITests.swift in Sources */,
			);
			runOnlyForDeploymentPostprocessing = 0;
		};
/* End PBXSourcesBuildPhase section */

/* Begin PBXTargetDependency section */
		7D6D5A5C26B98ED800CC080F /* PBXTargetDependency */ = {
			isa = PBXTargetDependency;
			target = 7D6D5A4026B98ECC00CC080F /* GitHub_Lesson */;
			targetProxy = 7D6D5A5B26B98ED800CC080F /* PBXContainerItemProxy */;
		};
		7D6D5A6726B98ED800CC080F /* PBXTargetDependency */ = {
			isa = PBXTargetDependency;
			target = 7D6D5A4026B98ECC00CC080F /* GitHub_Lesson */;
			targetProxy = 7D6D5A6626B98ED800CC080F /* PBXContainerItemProxy */;
		};
/* End PBXTargetDependency section */

/* Begin PBXVariantGroup section */
		7D6D5A4A26B98ECC00CC080F /* Main.storyboard */ = {
			isa = PBXVariantGroup;
			children = (
				7D6D5A4B26B98ECC00CC080F /* Base */,
			);
			name = Main.storyboard;
			sourceTree = "<group>";
		};
		7D6D5A5226B98ED600CC080F /* LaunchScreen.storyboard */ = {
			isa = PBXVariantGroup;
			children = (
				7D6D5A5326B98ED600CC080F /* Base */,
			);
			name = LaunchScreen.storyboard;
			sourceTree = "<group>";
		};
/* End PBXVariantGroup section */

/* Begin XCBuildConfiguration section */
		7D6D5A6C26B98ED800CC080F /* Debug */ = {
			isa = XCBuildConfiguration;
			buildSettings = {
				ALWAYS_SEARCH_USER_PATHS = NO;
				CLANG_ANALYZER_NONNULL = YES;
				CLANG_ANALYZER_NUMBER_OBJECT_CONVERSION = YES_AGGRESSIVE;
				CLANG_CXX_LANGUAGE_STANDARD = "gnu++14";
				CLANG_CXX_LIBRARY = "libc++";
				CLANG_ENABLE_MODULES = YES;
				CLANG_ENABLE_OBJC_ARC = YES;
				CLANG_ENABLE_OBJC_WEAK = YES;
				CLANG_WARN_BLOCK_CAPTURE_AUTORELEASING = YES;
				CLANG_WARN_BOOL_CONVERSION = YES;
				CLANG_WARN_COMMA = YES;
				CLANG_WARN_CONSTANT_CONVERSION = YES;
				CLANG_WARN_DEPRECATED_OBJC_IMPLEMENTATIONS = YES;
				CLANG_WARN_DIRECT_OBJC_ISA_USAGE = YES_ERROR;
				CLANG_WARN_DOCUMENTATION_COMMENTS = YES;
				CLANG_WARN_EMPTY_BODY = YES;
				CLANG_WARN_ENUM_CONVERSION = YES;
				CLANG_WARN_INFINITE_RECURSION = YES;
				CLANG_WARN_INT_CONVERSION = YES;
				CLANG_WARN_NON_LITERAL_NULL_CONVERSION = YES;
				CLANG_WARN_OBJC_IMPLICIT_RETAIN_SELF = YES;
				CLANG_WARN_OBJC_LITERAL_CONVERSION = YES;
				CLANG_WARN_OBJC_ROOT_CLASS = YES_ERROR;
				CLANG_WARN_QUOTED_INCLUDE_IN_FRAMEWORK_HEADER = YES;
				CLANG_WARN_RANGE_LOOP_ANALYSIS = YES;
				CLANG_WARN_STRICT_PROTOTYPES = YES;
				CLANG_WARN_SUSPICIOUS_MOVE = YES;
				CLANG_WARN_UNGUARDED_AVAILABILITY = YES_AGGRESSIVE;
				CLANG_WARN_UNREACHABLE_CODE = YES;
				CLANG_WARN__DUPLICATE_METHOD_MATCH = YES;
				COPY_PHASE_STRIP = NO;
				DEBUG_INFORMATION_FORMAT = dwarf;
				ENABLE_STRICT_OBJC_MSGSEND = YES;
				ENABLE_TESTABILITY = YES;
				GCC_C_LANGUAGE_STANDARD = gnu11;
				GCC_DYNAMIC_NO_PIC = NO;
				GCC_NO_COMMON_BLOCKS = YES;
				GCC_OPTIMIZATION_LEVEL = 0;
				GCC_PREPROCESSOR_DEFINITIONS = (
					"DEBUG=1",
					"$(inherited)",
				);
				GCC_WARN_64_TO_32_BIT_CONVERSION = YES;
				GCC_WARN_ABOUT_RETURN_TYPE = YES_ERROR;
				GCC_WARN_UNDECLARED_SELECTOR = YES;
				GCC_WARN_UNINITIALIZED_AUTOS = YES_AGGRESSIVE;
				GCC_WARN_UNUSED_FUNCTION = YES;
				GCC_WARN_UNUSED_VARIABLE = YES;
				IPHONEOS_DEPLOYMENT_TARGET = 14.5;
				MTL_ENABLE_DEBUG_INFO = INCLUDE_SOURCE;
				MTL_FAST_MATH = YES;
				ONLY_ACTIVE_ARCH = YES;
				SDKROOT = iphoneos;
				SWIFT_ACTIVE_COMPILATION_CONDITIONS = DEBUG;
				SWIFT_OPTIMIZATION_LEVEL = "-Onone";
			};
			name = Debug;
		};
		7D6D5A6D26B98ED800CC080F /* Release */ = {
			isa = XCBuildConfiguration;
			buildSettings = {
				ALWAYS_SEARCH_USER_PATHS = NO;
				CLANG_ANALYZER_NONNULL = YES;
				CLANG_ANALYZER_NUMBER_OBJECT_CONVERSION = YES_AGGRESSIVE;
				CLANG_CXX_LANGUAGE_STANDARD = "gnu++14";
				CLANG_CXX_LIBRARY = "libc++";
				CLANG_ENABLE_MODULES = YES;
				CLANG_ENABLE_OBJC_ARC = YES;
				CLANG_ENABLE_OBJC_WEAK = YES;
				CLANG_WARN_BLOCK_CAPTURE_AUTORELEASING = YES;
				CLANG_WARN_BOOL_CONVERSION = YES;
				CLANG_WARN_COMMA = YES;
				CLANG_WARN_CONSTANT_CONVERSION = YES;
				CLANG_WARN_DEPRECATED_OBJC_IMPLEMENTATIONS = YES;
				CLANG_WARN_DIRECT_OBJC_ISA_USAGE = YES_ERROR;
				CLANG_WARN_DOCUMENTATION_COMMENTS = YES;
				CLANG_WARN_EMPTY_BODY = YES;
				CLANG_WARN_ENUM_CONVERSION = YES;
				CLANG_WARN_INFINITE_RECURSION = YES;
				CLANG_WARN_INT_CONVERSION = YES;
				CLANG_WARN_NON_LITERAL_NULL_CONVERSION = YES;
				CLANG_WARN_OBJC_IMPLICIT_RETAIN_SELF = YES;
				CLANG_WARN_OBJC_LITERAL_CONVERSION = YES;
				CLANG_WARN_OBJC_ROOT_CLASS = YES_ERROR;
				CLANG_WARN_QUOTED_INCLUDE_IN_FRAMEWORK_HEADER = YES;
				CLANG_WARN_RANGE_LOOP_ANALYSIS = YES;
				CLANG_WARN_STRICT_PROTOTYPES = YES;
				CLANG_WARN_SUSPICIOUS_MOVE = YES;
				CLANG_WARN_UNGUARDED_AVAILABILITY = YES_AGGRESSIVE;
				CLANG_WARN_UNREACHABLE_CODE = YES;
				CLANG_WARN__DUPLICATE_METHOD_MATCH = YES;
				COPY_PHASE_STRIP = NO;
				DEBUG_INFORMATION_FORMAT = "dwarf-with-dsym";
				ENABLE_NS_ASSERTIONS = NO;
				ENABLE_STRICT_OBJC_MSGSEND = YES;
				GCC_C_LANGUAGE_STANDARD = gnu11;
				GCC_NO_COMMON_BLOCKS = YES;
				GCC_WARN_64_TO_32_BIT_CONVERSION = YES;
				GCC_WARN_ABOUT_RETURN_TYPE = YES_ERROR;
				GCC_WARN_UNDECLARED_SELECTOR = YES;
				GCC_WARN_UNINITIALIZED_AUTOS = YES_AGGRESSIVE;
				GCC_WARN_UNUSED_FUNCTION = YES;
				GCC_WARN_UNUSED_VARIABLE = YES;
				IPHONEOS_DEPLOYMENT_TARGET = 14.5;
				MTL_ENABLE_DEBUG_INFO = NO;
				MTL_FAST_MATH = YES;
				SDKROOT = iphoneos;
				SWIFT_COMPILATION_MODE = wholemodule;
				SWIFT_OPTIMIZATION_LEVEL = "-O";
				VALIDATE_PRODUCT = YES;
			};
			name = Release;
		};
		7D6D5A6F26B98ED800CC080F /* Debug */ = {
			isa = XCBuildConfiguration;
			buildSettings = {
				ASSETCATALOG_COMPILER_APPICON_NAME = AppIcon;
				ASSETCATALOG_COMPILER_GLOBAL_ACCENT_COLOR_NAME = AccentColor;
				CODE_SIGN_STYLE = Automatic;
				INFOPLIST_FILE = GitHub_Lesson/Info.plist;
				LD_RUNPATH_SEARCH_PATHS = (
					"$(inherited)",
					"@executable_path/Frameworks",
				);
				PRODUCT_BUNDLE_IDENTIFIER = "KWK.GitHub-Lesson";
				PRODUCT_NAME = "$(TARGET_NAME)";
				SWIFT_VERSION = 5.0;
				TARGETED_DEVICE_FAMILY = "1,2";
			};
			name = Debug;
		};
		7D6D5A7026B98ED800CC080F /* Release */ = {
			isa = XCBuildConfiguration;
			buildSettings = {
				ASSETCATALOG_COMPILER_APPICON_NAME = AppIcon;
				ASSETCATALOG_COMPILER_GLOBAL_ACCENT_COLOR_NAME = AccentColor;
				CODE_SIGN_STYLE = Automatic;
				INFOPLIST_FILE = GitHub_Lesson/Info.plist;
				LD_RUNPATH_SEARCH_PATHS = (
					"$(inherited)",
					"@executable_path/Frameworks",
				);
				PRODUCT_BUNDLE_IDENTIFIER = "KWK.GitHub-Lesson";
				PRODUCT_NAME = "$(TARGET_NAME)";
				SWIFT_VERSION = 5.0;
				TARGETED_DEVICE_FAMILY = "1,2";
			};
			name = Release;
		};
		7D6D5A7226B98ED800CC080F /* Debug */ = {
			isa = XCBuildConfiguration;
			buildSettings = {
				ALWAYS_EMBED_SWIFT_STANDARD_LIBRARIES = YES;
				BUNDLE_LOADER = "$(TEST_HOST)";
				CODE_SIGN_STYLE = Automatic;
				INFOPLIST_FILE = GitHub_LessonTests/Info.plist;
				IPHONEOS_DEPLOYMENT_TARGET = 14.5;
				LD_RUNPATH_SEARCH_PATHS = (
					"$(inherited)",
					"@executable_path/Frameworks",
					"@loader_path/Frameworks",
				);
				PRODUCT_BUNDLE_IDENTIFIER = "KWK.GitHub-LessonTests";
				PRODUCT_NAME = "$(TARGET_NAME)";
				SWIFT_VERSION = 5.0;
				TARGETED_DEVICE_FAMILY = "1,2";
				TEST_HOST = "$(BUILT_PRODUCTS_DIR)/GitHub_Lesson.app/GitHub_Lesson";
			};
			name = Debug;
		};
		7D6D5A7326B98ED800CC080F /* Release */ = {
			isa = XCBuildConfiguration;
			buildSettings = {
				ALWAYS_EMBED_SWIFT_STANDARD_LIBRARIES = YES;
				BUNDLE_LOADER = "$(TEST_HOST)";
				CODE_SIGN_STYLE = Automatic;
				INFOPLIST_FILE = GitHub_LessonTests/Info.plist;
				IPHONEOS_DEPLOYMENT_TARGET = 14.5;
				LD_RUNPATH_SEARCH_PATHS = (
					"$(inherited)",
					"@executable_path/Frameworks",
					"@loader_path/Frameworks",
				);
				PRODUCT_BUNDLE_IDENTIFIER = "KWK.GitHub-LessonTests";
				PRODUCT_NAME = "$(TARGET_NAME)";
				SWIFT_VERSION = 5.0;
				TARGETED_DEVICE_FAMILY = "1,2";
				TEST_HOST = "$(BUILT_PRODUCTS_DIR)/GitHub_Lesson.app/GitHub_Lesson";
			};
			name = Release;
		};
		7D6D5A7526B98ED800CC080F /* Debug */ = {
			isa = XCBuildConfiguration;
			buildSettings = {
				ALWAYS_EMBED_SWIFT_STANDARD_LIBRARIES = YES;
				CODE_SIGN_STYLE = Automatic;
				INFOPLIST_FILE = GitHub_LessonUITests/Info.plist;
				LD_RUNPATH_SEARCH_PATHS = (
					"$(inherited)",
					"@executable_path/Frameworks",
					"@loader_path/Frameworks",
				);
				PRODUCT_BUNDLE_IDENTIFIER = "KWK.GitHub-LessonUITests";
				PRODUCT_NAME = "$(TARGET_NAME)";
				SWIFT_VERSION = 5.0;
				TARGETED_DEVICE_FAMILY = "1,2";
				TEST_TARGET_NAME = GitHub_Lesson;
			};
			name = Debug;
		};
		7D6D5A7626B98ED800CC080F /* Release */ = {
			isa = XCBuildConfiguration;
			buildSettings = {
				ALWAYS_EMBED_SWIFT_STANDARD_LIBRARIES = YES;
				CODE_SIGN_STYLE = Automatic;
				INFOPLIST_FILE = GitHub_LessonUITests/Info.plist;
				LD_RUNPATH_SEARCH_PATHS = (
					"$(inherited)",
					"@executable_path/Frameworks",
					"@loader_path/Frameworks",
				);
				PRODUCT_BUNDLE_IDENTIFIER = "KWK.GitHub-LessonUITests";
				PRODUCT_NAME = "$(TARGET_NAME)";
				SWIFT_VERSION = 5.0;
				TARGETED_DEVICE_FAMILY = "1,2";
				TEST_TARGET_NAME = GitHub_Lesson;
			};
			name = Release;
		};
/* End XCBuildConfiguration section */

/* Begin XCConfigurationList section */
		7D6D5A3C26B98ECC00CC080F /* Build configuration list for PBXProject "GitHub_Lesson" */ = {
			isa = XCConfigurationList;
			buildConfigurations = (
				7D6D5A6C26B98ED800CC080F /* Debug */,
				7D6D5A6D26B98ED800CC080F /* Release */,
			);
			defaultConfigurationIsVisible = 0;
			defaultConfigurationName = Release;
		};
		7D6D5A6E26B98ED800CC080F /* Build configuration list for PBXNativeTarget "GitHub_Lesson" */ = {
			isa = XCConfigurationList;
			buildConfigurations = (
				7D6D5A6F26B98ED800CC080F /* Debug */,
				7D6D5A7026B98ED800CC080F /* Release */,
			);
			defaultConfigurationIsVisible = 0;
			defaultConfigurationName = Release;
		};
		7D6D5A7126B98ED800CC080F /* Build configuration list for PBXNativeTarget "GitHub_LessonTests" */ = {
			isa = XCConfigurationList;
			buildConfigurations = (
				7D6D5A7226B98ED800CC080F /* Debug */,
				7D6D5A7326B98ED800CC080F /* Release */,
			);
			defaultConfigurationIsVisible = 0;
			defaultConfigurationName = Release;
		};
		7D6D5A7426B98ED800CC080F /* Build configuration list for PBXNativeTarget "GitHub_LessonUITests" */ = {
			isa = XCConfigurationList;
			buildConfigurations = (
				7D6D5A7526B98ED800CC080F /* Debug */,
				7D6D5A7626B98ED800CC080F /* Release */,
			);
			defaultConfigurationIsVisible = 0;
			defaultConfigurationName = Release;
		};
/* End XCConfigurationList section */

/* Begin XCVersionGroup section */
		7D6D5A4D26B98ECC00CC080F /* GitHub_Lesson.xcdatamodeld */ = {
			isa = XCVersionGroup;
			children = (
				7D6D5A4E26B98ECC00CC080F /* GitHub_Lesson.xcdatamodel */,
			);
			currentVersion = 7D6D5A4E26B98ECC00CC080F /* GitHub_Lesson.xcdatamodel */;
			path = GitHub_Lesson.xcdatamodeld;
			sourceTree = "<group>";
			versionGroupType = wrapper.xcdatamodel;
		};
/* End XCVersionGroup section */
	};
	rootObject = 7D6D5A3926B98ECC00CC080F /* Project object */;
}
